
Microsoft Visual Studio Solution File, Format Version 12.00
# Visual Studio 2012
Project("{FAE04EC0-301F-11D3-BF4B-00C04F79EFBC}") = "dlog2", "dlog2\dlog2.csproj", "{BB118064-97D5-468C-961E-A3C3FCED3EBC}"
EndProject
Global
	GlobalSection(SolutionConfigurationPlatforms) = preSolution
		Debug|Any CPU = Debug|Any CPU
		Release|Any CPU = Release|Any CPU
	EndGlobalSection
	GlobalSection(ProjectConfigurationPlatforms) = postSolution
		{BB118064-97D5-468C-961E-A3C3FCED3EBC}.Debug|Any CPU.ActiveCfg = Debug|Any CPU
		{BB118064-97D5-468C-961E-A3C3FCED3EBC}.Debug|Any CPU.Build.0 = Debug|Any CPU
		{BB118064-97D5-468C-961E-A3C3FCED3EBC}.Release|Any CPU.ActiveCfg = Release|Any CPU
		{BB118064-97D5-468C-961E-A3C3FCED3EBC}.Release|Any CPU.Build.0 = Release|Any CPU
	EndGlobalSection
EndGlobal
