// !$*UTF8*$!
{
	archiveVersion = 1;
	classes = {
	};
	objectVersion = 50;
	objects = {

/* Begin PBXBuildFile section */
		EA763EF720A111FE0055AFC7 /* main.cpp in Sources */ = {isa = PBXBuildFile; fileRef = EA763EF620A111FE0055AFC7 /* main.cpp */; };
		EA96BFB4209DBE3300BD44F2 /* libsqlite3.tbd in Frameworks */ = {isa = PBXBuildFile; fileRef = EA96BFB3209DBE3300BD44F2 /* libsqlite3.tbd */; };
/* End PBXBuildFile section */

/* Begin PBXCopyFilesBuildPhase section */
		EA96BF9E209DBC3E00BD44F2 /* CopyFiles */ = {
			isa = PBXCopyFilesBuildPhase;
			buildActionMask = 2147483647;
			dstPath = /usr/share/man/man1/;
			dstSubfolderSpec = 0;
			files = (
			);
			runOnlyForDeploymentPostprocessing = 1;
		};
/* End PBXCopyFilesBuildPhase section */

/* Begin PBXFileReference section */
		EA763EF1209DC6E80055AFC7 /* resources */ = {isa = PBXFileReference; lastKnownFileType = folder; path = resources; sourceTree = "<group>"; };
		EA763EF2209DC6E80055AFC7 /* logs */ = {isa = PBXFileReference; lastKnownFileType = folder; path = logs; sourceTree = "<group>"; };
		EA763EF620A111FE0055AFC7 /* main.cpp */ = {isa = PBXFileReference; fileEncoding = 4; lastKnownFileType = sourcecode.cpp.cpp; path = main.cpp; sourceTree = "<group>"; };
		EA8B217F20A14BAF0003FE55 /* drugio_xcode */ = {isa = PBXFileReference; explicitFileType = "compiled.mach-o.executable"; includeInIndex = 0; path = drugio_xcode; sourceTree = BUILT_PRODUCTS_DIR; };
		EA8B218420A4233F0003FE55 /* namespaces */ = {isa = PBXFileReference; lastKnownFileType = folder; name = namespaces; path = "/Users/tony/code/C++/drugio_xcode/drugio_xcode/namespaces"; sourceTree = "<absolute>"; };
		EA96BFAF209DBD8500BD44F2 /* debug.db */ = {isa = PBXFileReference; lastKnownFileType = file; path = debug.db; sourceTree = "<group>"; };
		EA96BFB3209DBE3300BD44F2 /* libsqlite3.tbd */ = {isa = PBXFileReference; lastKnownFileType = "sourcecode.text-based-dylib-definition"; name = libsqlite3.tbd; path = usr/lib/libsqlite3.tbd; sourceTree = SDKROOT; };
		EADC4D8720A924D200BD030A /* changelog.md */ = {isa = PBXFileReference; fileEncoding = 4; lastKnownFileType = net.daringfireball.markdown; path = changelog.md; sourceTree = "<group>"; };
		EADC4D8820A924D200BD030A /* README.md */ = {isa = PBXFileReference; fileEncoding = 4; lastKnownFileType = net.daringfireball.markdown; path = README.md; sourceTree = "<group>"; };
/* End PBXFileReference section */

/* Begin PBXFrameworksBuildPhase section */
		EA96BF9D209DBC3E00BD44F2 /* Frameworks */ = {
			isa = PBXFrameworksBuildPhase;
			buildActionMask = 2147483647;
			files = (
				EA96BFB4209DBE3300BD44F2 /* libsqlite3.tbd in Frameworks */,
			);
			runOnlyForDeploymentPostprocessing = 0;
		};
/* End PBXFrameworksBuildPhase section */

/* Begin PBXGroup section */
		EA96BF97209DBC3E00BD44F2 = {
			isa = PBXGroup;
			children = (
				EA96BFA2209DBC3F00BD44F2 /* drugio_xcode */,
				EA96BFB2209DBE3300BD44F2 /* Frameworks */,
				EA8B217F20A14BAF0003FE55 /* drugio_xcode */,
			);
			sourceTree = "<group>";
		};
		EA96BFA2209DBC3F00BD44F2 /* drugio_xcode */ = {
			isa = PBXGroup;
			children = (
				EADC4D8720A924D200BD030A /* changelog.md */,
				EADC4D8820A924D200BD030A /* README.md */,
				EA8B218420A4233F0003FE55 /* namespaces */,
				EA763EF620A111FE0055AFC7 /* main.cpp */,
				EA763EF2209DC6E80055AFC7 /* logs */,
				EA763EF1209DC6E80055AFC7 /* resources */,
				EA96BFAE209DBD8500BD44F2 /* logs */,
			);
			path = drugio_xcode;
			sourceTree = "<group>";
		};
		EA96BFAE209DBD8500BD44F2 /* logs */ = {
			isa = PBXGroup;
			children = (
				EA96BFAF209DBD8500BD44F2 /* debug.db */,
			);
			path = logs;
			sourceTree = "<group>";
		};
		EA96BFB2209DBE3300BD44F2 /* Frameworks */ = {
			isa = PBXGroup;
			children = (
				EA96BFB3209DBE3300BD44F2 /* libsqlite3.tbd */,
			);
			name = Frameworks;
			sourceTree = "<group>";
		};
/* End PBXGroup section */

/* Begin PBXNativeTarget section */
		EA96BF9F209DBC3E00BD44F2 /* drugio_xcode */ = {
			isa = PBXNativeTarget;
			buildConfigurationList = EA96BFA7209DBC3F00BD44F2 /* Build configuration list for PBXNativeTarget "drugio_xcode" */;
			buildPhases = (
				EA96BF9C209DBC3E00BD44F2 /* Sources */,
				EA96BF9D209DBC3E00BD44F2 /* Frameworks */,
				EA96BF9E209DBC3E00BD44F2 /* CopyFiles */,
			);
			buildRules = (
			);
			dependencies = (
			);
			name = drugio_xcode;
			productName = drugio_xcode;
			productReference = EA8B217F20A14BAF0003FE55 /* drugio_xcode */;
			productType = "com.apple.product-type.tool";
		};
/* End PBXNativeTarget section */

/* Begin PBXProject section */
		EA96BF98209DBC3E00BD44F2 /* Project object */ = {
			isa = PBXProject;
			attributes = {
				LastUpgradeCheck = 0930;
				ORGANIZATIONNAME = aj;
				TargetAttributes = {
					EA96BF9F209DBC3E00BD44F2 = {
						CreatedOnToolsVersion = 9.3;
					};
				};
			};
			buildConfigurationList = EA96BF9B209DBC3E00BD44F2 /* Build configuration list for PBXProject "drugio_xcode" */;
			compatibilityVersion = "Xcode 9.3";
			developmentRegion = en;
			hasScannedForEncodings = 0;
			knownRegions = (
				en,
			);
			mainGroup = EA96BF97209DBC3E00BD44F2;
			productRefGroup = EA96BF97209DBC3E00BD44F2;
			projectDirPath = "";
			projectRoot = "";
			targets = (
				EA96BF9F209DBC3E00BD44F2 /* drugio_xcode */,
			);
		};
/* End PBXProject section */

/* Begin PBXSourcesBuildPhase section */
		EA96BF9C209DBC3E00BD44F2 /* Sources */ = {
			isa = PBXSourcesBuildPhase;
			buildActionMask = 2147483647;
			files = (
				EA763EF720A111FE0055AFC7 /* main.cpp in Sources */,
			);
			runOnlyForDeploymentPostprocessing = 0;
		};
/* End PBXSourcesBuildPhase section */

/* Begin XCBuildConfiguration section */
		EA96BFA5209DBC3F00BD44F2 /* Debug */ = {
			isa = XCBuildConfiguration;
			buildSettings = {
				ALWAYS_SEARCH_USER_PATHS = NO;
				CLANG_ANALYZER_NONNULL = YES;
				CLANG_ANALYZER_NUMBER_OBJECT_CONVERSION = YES_AGGRESSIVE;
				CLANG_CXX_LANGUAGE_STANDARD = "gnu++14";
				CLANG_CXX_LIBRARY = "libc++";
				CLANG_ENABLE_MODULES = YES;
				CLANG_ENABLE_OBJC_ARC = YES;
				CLANG_ENABLE_OBJC_WEAK = YES;
				CLANG_WARN_BLOCK_CAPTURE_AUTORELEASING = YES;
				CLANG_WARN_BOOL_CONVERSION = YES;
				CLANG_WARN_COMMA = YES;
				CLANG_WARN_CONSTANT_CONVERSION = YES;
				CLANG_WARN_DEPRECATED_OBJC_IMPLEMENTATIONS = YES;
				CLANG_WARN_DIRECT_OBJC_ISA_USAGE = YES_ERROR;
				CLANG_WARN_DOCUMENTATION_COMMENTS = YES;
				CLANG_WARN_EMPTY_BODY = YES;
				CLANG_WARN_ENUM_CONVERSION = YES;
				CLANG_WARN_INFINITE_RECURSION = YES;
				CLANG_WARN_INT_CONVERSION = YES;
				CLANG_WARN_NON_LITERAL_NULL_CONVERSION = YES;
				CLANG_WARN_OBJC_IMPLICIT_RETAIN_SELF = YES;
				CLANG_WARN_OBJC_LITERAL_CONVERSION = YES;
				CLANG_WARN_OBJC_ROOT_CLASS = YES_ERROR;
				CLANG_WARN_RANGE_LOOP_ANALYSIS = YES;
				CLANG_WARN_STRICT_PROTOTYPES = YES;
				CLANG_WARN_SUSPICIOUS_MOVE = YES;
				CLANG_WARN_UNGUARDED_AVAILABILITY = YES_AGGRESSIVE;
				CLANG_WARN_UNREACHABLE_CODE = YES;
				CLANG_WARN__DUPLICATE_METHOD_MATCH = YES;
				CODE_SIGN_IDENTITY = "Mac Developer";
				COPY_PHASE_STRIP = NO;
				DEBUG_INFORMATION_FORMAT = dwarf;
				ENABLE_STRICT_OBJC_MSGSEND = YES;
				ENABLE_TESTABILITY = YES;
				GCC_C_LANGUAGE_STANDARD = gnu11;
				GCC_DYNAMIC_NO_PIC = NO;
				GCC_NO_COMMON_BLOCKS = YES;
				GCC_OPTIMIZATION_LEVEL = 0;
				GCC_PREPROCESSOR_DEFINITIONS = (
					"DEBUG=1",
					"$(inherited)",
				);
				GCC_WARN_64_TO_32_BIT_CONVERSION = YES;
				GCC_WARN_ABOUT_RETURN_TYPE = YES_ERROR;
				GCC_WARN_UNDECLARED_SELECTOR = YES;
				GCC_WARN_UNINITIALIZED_AUTOS = YES_AGGRESSIVE;
				GCC_WARN_UNUSED_FUNCTION = YES;
				GCC_WARN_UNUSED_VARIABLE = YES;
				MACOSX_DEPLOYMENT_TARGET = 10.13;
				MTL_ENABLE_DEBUG_INFO = YES;
				ONLY_ACTIVE_ARCH = YES;
				SDKROOT = macosx;
			};
			name = Debug;
		};
		EA96BFA6209DBC3F00BD44F2 /* Release */ = {
			isa = XCBuildConfiguration;
			buildSettings = {
				ALWAYS_SEARCH_USER_PATHS = NO;
				CLANG_ANALYZER_NONNULL = YES;
				CLANG_ANALYZER_NUMBER_OBJECT_CONVERSION = YES_AGGRESSIVE;
				CLANG_CXX_LANGUAGE_STANDARD = "gnu++14";
				CLANG_CXX_LIBRARY = "libc++";
				CLANG_ENABLE_MODULES = YES;
				CLANG_ENABLE_OBJC_ARC = YES;
				CLANG_ENABLE_OBJC_WEAK = YES;
				CLANG_WARN_BLOCK_CAPTURE_AUTORELEASING = YES;
				CLANG_WARN_BOOL_CONVERSION = YES;
				CLANG_WARN_COMMA = YES;
				CLANG_WARN_CONSTANT_CONVERSION = YES;
				CLANG_WARN_DEPRECATED_OBJC_IMPLEMENTATIONS = YES;
				CLANG_WARN_DIRECT_OBJC_ISA_USAGE = YES_ERROR;
				CLANG_WARN_DOCUMENTATION_COMMENTS = YES;
				CLANG_WARN_EMPTY_BODY = YES;
				CLANG_WARN_ENUM_CONVERSION = YES;
				CLANG_WARN_INFINITE_RECURSION = YES;
				CLANG_WARN_INT_CONVERSION = YES;
				CLANG_WARN_NON_LITERAL_NULL_CONVERSION = YES;
				CLANG_WARN_OBJC_IMPLICIT_RETAIN_SELF = YES;
				CLANG_WARN_OBJC_LITERAL_CONVERSION = YES;
				CLANG_WARN_OBJC_ROOT_CLASS = YES_ERROR;
				CLANG_WARN_RANGE_LOOP_ANALYSIS = YES;
				CLANG_WARN_STRICT_PROTOTYPES = YES;
				CLANG_WARN_SUSPICIOUS_MOVE = YES;
				CLANG_WARN_UNGUARDED_AVAILABILITY = YES_AGGRESSIVE;
				CLANG_WARN_UNREACHABLE_CODE = YES;
				CLANG_WARN__DUPLICATE_METHOD_MATCH = YES;
				CODE_SIGN_IDENTITY = "Mac Developer";
				COPY_PHASE_STRIP = NO;
				DEBUG_INFORMATION_FORMAT = "dwarf-with-dsym";
				ENABLE_NS_ASSERTIONS = NO;
				ENABLE_STRICT_OBJC_MSGSEND = YES;
				GCC_C_LANGUAGE_STANDARD = gnu11;
				GCC_NO_COMMON_BLOCKS = YES;
				GCC_WARN_64_TO_32_BIT_CONVERSION = YES;
				GCC_WARN_ABOUT_RETURN_TYPE = YES_ERROR;
				GCC_WARN_UNDECLARED_SELECTOR = YES;
				GCC_WARN_UNINITIALIZED_AUTOS = YES_AGGRESSIVE;
				GCC_WARN_UNUSED_FUNCTION = YES;
				GCC_WARN_UNUSED_VARIABLE = YES;
				MACOSX_DEPLOYMENT_TARGET = 10.13;
				MTL_ENABLE_DEBUG_INFO = NO;
				SDKROOT = macosx;
			};
			name = Release;
		};
		EA96BFA8209DBC3F00BD44F2 /* Debug */ = {
			isa = XCBuildConfiguration;
			buildSettings = {
				CLANG_WARN_ASSIGN_ENUM = YES;
				CLANG_WARN_FLOAT_CONVERSION = NO;
				CLANG_WARN_IMPLICIT_SIGN_CONVERSION = YES;
				CLANG_WARN_SUSPICIOUS_IMPLICIT_CONVERSION = NO;
				CLANG_WARN__EXIT_TIME_DESTRUCTORS = NO;
				CODE_SIGN_STYLE = Automatic;
				DEVELOPMENT_TEAM = 88L87CZSR7;
				GCC_OPTIMIZATION_LEVEL = s;
				GCC_TREAT_IMPLICIT_FUNCTION_DECLARATIONS_AS_ERRORS = YES;
				GCC_TREAT_INCOMPATIBLE_POINTER_TYPE_WARNINGS_AS_ERRORS = YES;
				GCC_WARN_ABOUT_MISSING_FIELD_INITIALIZERS = YES;
				GCC_WARN_ABOUT_MISSING_PROTOTYPES = NO;
				GCC_WARN_FOUR_CHARACTER_CONSTANTS = YES;
				GCC_WARN_HIDDEN_VIRTUAL_FUNCTIONS = YES;
				GCC_WARN_INITIALIZER_NOT_FULLY_BRACKETED = YES;
				GCC_WARN_NON_VIRTUAL_DESTRUCTOR = YES;
				GCC_WARN_SHADOW = YES;
				GCC_WARN_SIGN_COMPARE = YES;
				GCC_WARN_UNKNOWN_PRAGMAS = YES;
				GCC_WARN_UNUSED_LABEL = YES;
				GCC_WARN_UNUSED_PARAMETER = YES;
				PRODUCT_NAME = "$(TARGET_NAME)";
				RUN_CLANG_STATIC_ANALYZER = YES;
			};
			name = Debug;
		};
		EA96BFA9209DBC3F00BD44F2 /* Release */ = {
			isa = XCBuildConfiguration;
			buildSettings = {
				CLANG_WARN_ASSIGN_ENUM = YES;
				CLANG_WARN_FLOAT_CONVERSION = NO;
				CLANG_WARN_IMPLICIT_SIGN_CONVERSION = NO;
				CLANG_WARN_SUSPICIOUS_IMPLICIT_CONVERSION = NO;
				CLANG_WARN__EXIT_TIME_DESTRUCTORS = NO;
				CODE_SIGN_STYLE = Automatic;
				DEVELOPMENT_TEAM = 88L87CZSR7;
				GCC_TREAT_IMPLICIT_FUNCTION_DECLARATIONS_AS_ERRORS = YES;
				GCC_TREAT_INCOMPATIBLE_POINTER_TYPE_WARNINGS_AS_ERRORS = YES;
				GCC_WARN_ABOUT_MISSING_FIELD_INITIALIZERS = YES;
				GCC_WARN_ABOUT_MISSING_PROTOTYPES = NO;
				GCC_WARN_FOUR_CHARACTER_CONSTANTS = YES;
				GCC_WARN_HIDDEN_VIRTUAL_FUNCTIONS = YES;
				GCC_WARN_INITIALIZER_NOT_FULLY_BRACKETED = YES;
				GCC_WARN_NON_VIRTUAL_DESTRUCTOR = YES;
				GCC_WARN_SHADOW = YES;
				GCC_WARN_SIGN_COMPARE = YES;
				GCC_WARN_UNKNOWN_PRAGMAS = YES;
				GCC_WARN_UNUSED_LABEL = YES;
				GCC_WARN_UNUSED_PARAMETER = YES;
				PRODUCT_NAME = "$(TARGET_NAME)";
				RUN_CLANG_STATIC_ANALYZER = YES;
			};
			name = Release;
		};
/* End XCBuildConfiguration section */

/* Begin XCConfigurationList section */
		EA96BF9B209DBC3E00BD44F2 /* Build configuration list for PBXProject "drugio_xcode" */ = {
			isa = XCConfigurationList;
			buildConfigurations = (
				EA96BFA5209DBC3F00BD44F2 /* Debug */,
				EA96BFA6209DBC3F00BD44F2 /* Release */,
			);
			defaultConfigurationIsVisible = 0;
			defaultConfigurationName = Release;
		};
		EA96BFA7209DBC3F00BD44F2 /* Build configuration list for PBXNativeTarget "drugio_xcode" */ = {
			isa = XCConfigurationList;
			buildConfigurations = (
				EA96BFA8209DBC3F00BD44F2 /* Debug */,
				EA96BFA9209DBC3F00BD44F2 /* Release */,
			);
			defaultConfigurationIsVisible = 0;
			defaultConfigurationName = Release;
		};
/* End XCConfigurationList section */
	};
	rootObject = EA96BF98209DBC3E00BD44F2 /* Project object */;
}
