// !$*UTF8*$!
{
	archiveVersion = 1;
	classes = {
	};
	objectVersion = 48;
	objects = {

/* Begin PBXBuildFile section */
		EABD82BB203790CD00261D67 /* AppDelegate.swift in Sources */ = {isa = PBXBuildFile; fileRef = EABD82BA203790CD00261D67 /* AppDelegate.swift */; };
		EABD82BD203790CD00261D67 /* ViewController.swift in Sources */ = {isa = PBXBuildFile; fileRef = EABD82BC203790CD00261D67 /* ViewController.swift */; };
		EABD82BF203790CD00261D67 /* Assets.xcassets in Resources */ = {isa = PBXBuildFile; fileRef = EABD82BE203790CD00261D67 /* Assets.xcassets */; };
		EABD82C2203790CD00261D67 /* Main.storyboard in Resources */ = {isa = PBXBuildFile; fileRef = EABD82C0203790CD00261D67 /* Main.storyboard */; };
		EABD82CE203790CD00261D67 /* toAppOrNotToAppTests.swift in Sources */ = {isa = PBXBuildFile; fileRef = EABD82CD203790CD00261D67 /* toAppOrNotToAppTests.swift */; };
		EABD82D9203790CD00261D67 /* toAppOrNotToAppUITests.swift in Sources */ = {isa = PBXBuildFile; fileRef = EABD82D8203790CD00261D67 /* toAppOrNotToAppUITests.swift */; };
		EABD82E92037977300261D67 /* dLogOOP.c in Sources */ = {isa = PBXBuildFile; fileRef = EABD82E82037977300261D67 /* dLogOOP.c */; };
		EABD82EE20379BFC00261D67 /* File.swift in Sources */ = {isa = PBXBuildFile; fileRef = EABD82ED20379BFC00261D67 /* File.swift */; };
/* End PBXBuildFile section */

/* Begin PBXContainerItemProxy section */
		EABD82CA203790CD00261D67 /* PBXContainerItemProxy */ = {
			isa = PBXContainerItemProxy;
			containerPortal = EABD82AF203790CD00261D67 /* Project object */;
			proxyType = 1;
			remoteGlobalIDString = EABD82B6203790CD00261D67;
			remoteInfo = toAppOrNotToApp;
		};
		EABD82D5203790CD00261D67 /* PBXContainerItemProxy */ = {
			isa = PBXContainerItemProxy;
			containerPortal = EABD82AF203790CD00261D67 /* Project object */;
			proxyType = 1;
			remoteGlobalIDString = EABD82B6203790CD00261D67;
			remoteInfo = toAppOrNotToApp;
		};
/* End PBXContainerItemProxy section */

/* Begin PBXFileReference section */
		EABD82B7203790CD00261D67 /* toAppOrNotToApp.app */ = {isa = PBXFileReference; explicitFileType = wrapper.application; includeInIndex = 0; path = toAppOrNotToApp.app; sourceTree = BUILT_PRODUCTS_DIR; };
		EABD82BA203790CD00261D67 /* AppDelegate.swift */ = {isa = PBXFileReference; lastKnownFileType = sourcecode.swift; path = AppDelegate.swift; sourceTree = "<group>"; };
		EABD82BC203790CD00261D67 /* ViewController.swift */ = {isa = PBXFileReference; lastKnownFileType = sourcecode.swift; path = ViewController.swift; sourceTree = "<group>"; };
		EABD82BE203790CD00261D67 /* Assets.xcassets */ = {isa = PBXFileReference; lastKnownFileType = folder.assetcatalog; path = Assets.xcassets; sourceTree = "<group>"; };
		EABD82C1203790CD00261D67 /* Base */ = {isa = PBXFileReference; lastKnownFileType = file.storyboard; name = Base; path = Base.lproj/Main.storyboard; sourceTree = "<group>"; };
		EABD82C3203790CD00261D67 /* Info.plist */ = {isa = PBXFileReference; lastKnownFileType = text.plist.xml; path = Info.plist; sourceTree = "<group>"; };
		EABD82C4203790CD00261D67 /* toAppOrNotToApp.entitlements */ = {isa = PBXFileReference; lastKnownFileType = text.plist.entitlements; path = toAppOrNotToApp.entitlements; sourceTree = "<group>"; };
		EABD82C9203790CD00261D67 /* toAppOrNotToAppTests.xctest */ = {isa = PBXFileReference; explicitFileType = wrapper.cfbundle; includeInIndex = 0; path = toAppOrNotToAppTests.xctest; sourceTree = BUILT_PRODUCTS_DIR; };
		EABD82CD203790CD00261D67 /* toAppOrNotToAppTests.swift */ = {isa = PBXFileReference; lastKnownFileType = sourcecode.swift; path = toAppOrNotToAppTests.swift; sourceTree = "<group>"; };
		EABD82CF203790CD00261D67 /* Info.plist */ = {isa = PBXFileReference; lastKnownFileType = text.plist.xml; path = Info.plist; sourceTree = "<group>"; };
		EABD82D4203790CD00261D67 /* toAppOrNotToAppUITests.xctest */ = {isa = PBXFileReference; explicitFileType = wrapper.cfbundle; includeInIndex = 0; path = toAppOrNotToAppUITests.xctest; sourceTree = BUILT_PRODUCTS_DIR; };
		EABD82D8203790CD00261D67 /* toAppOrNotToAppUITests.swift */ = {isa = PBXFileReference; lastKnownFileType = sourcecode.swift; path = toAppOrNotToAppUITests.swift; sourceTree = "<group>"; };
		EABD82DA203790CD00261D67 /* Info.plist */ = {isa = PBXFileReference; lastKnownFileType = text.plist.xml; path = Info.plist; sourceTree = "<group>"; };
		EABD82E72037915300261D67 /* en */ = {isa = PBXFileReference; lastKnownFileType = text.plist.strings; name = en; path = en.lproj/Main.strings; sourceTree = "<group>"; };
		EABD82E82037977300261D67 /* dLogOOP.c */ = {isa = PBXFileReference; lastKnownFileType = sourcecode.c.c; name = dLogOOP.c; path = "/Users/Muddy/Google Drive/code/Swift/toAppOrNotToApp/toAppOrNotToApp/dLogOOP.c"; sourceTree = "<absolute>"; };
		EABD82EC20379B2A00261D67 /* drugio.h */ = {isa = PBXFileReference; lastKnownFileType = sourcecode.c.h; name = drugio.h; path = "/Users/Muddy/Google Drive/code/Swift/toAppOrNotToApp/toAppOrNotToApp/drugio.h"; sourceTree = "<absolute>"; };
		EABD82ED20379BFC00261D67 /* File.swift */ = {isa = PBXFileReference; lastKnownFileType = sourcecode.swift; name = File.swift; path = "/Users/Muddy/Google Drive/code/Swift/toAppOrNotToApp/toAppOrNotToApp/File.swift"; sourceTree = "<absolute>"; };
/* End PBXFileReference section */

/* Begin PBXFrameworksBuildPhase section */
		EABD82B4203790CD00261D67 /* Frameworks */ = {
			isa = PBXFrameworksBuildPhase;
			buildActionMask = 2147483647;
			files = (
			);
			runOnlyForDeploymentPostprocessing = 0;
		};
		EABD82C6203790CD00261D67 /* Frameworks */ = {
			isa = PBXFrameworksBuildPhase;
			buildActionMask = 2147483647;
			files = (
			);
			runOnlyForDeploymentPostprocessing = 0;
		};
		EABD82D1203790CD00261D67 /* Frameworks */ = {
			isa = PBXFrameworksBuildPhase;
			buildActionMask = 2147483647;
			files = (
			);
			runOnlyForDeploymentPostprocessing = 0;
		};
/* End PBXFrameworksBuildPhase section */

/* Begin PBXGroup section */
		EABD82AE203790CD00261D67 = {
			isa = PBXGroup;
			children = (
				EABD82B9203790CD00261D67 /* toAppOrNotToApp */,
				EABD82CC203790CD00261D67 /* toAppOrNotToAppTests */,
				EABD82D7203790CD00261D67 /* toAppOrNotToAppUITests */,
				EABD82B8203790CD00261D67 /* Products */,
			);
			sourceTree = "<group>";
		};
		EABD82B8203790CD00261D67 /* Products */ = {
			isa = PBXGroup;
			children = (
				EABD82B7203790CD00261D67 /* toAppOrNotToApp.app */,
				EABD82C9203790CD00261D67 /* toAppOrNotToAppTests.xctest */,
				EABD82D4203790CD00261D67 /* toAppOrNotToAppUITests.xctest */,
			);
			name = Products;
			sourceTree = "<group>";
		};
		EABD82B9203790CD00261D67 /* toAppOrNotToApp */ = {
			isa = PBXGroup;
			children = (
				EABD82E82037977300261D67 /* dLogOOP.c */,
				EABD82EC20379B2A00261D67 /* drugio.h */,
				EABD82ED20379BFC00261D67 /* File.swift */,
				EABD82BA203790CD00261D67 /* AppDelegate.swift */,
				EABD82BC203790CD00261D67 /* ViewController.swift */,
				EABD82BE203790CD00261D67 /* Assets.xcassets */,
				EABD82C0203790CD00261D67 /* Main.storyboard */,
				EABD82C3203790CD00261D67 /* Info.plist */,
				EABD82C4203790CD00261D67 /* toAppOrNotToApp.entitlements */,
			);
			path = toAppOrNotToApp;
			sourceTree = "<group>";
		};
		EABD82CC203790CD00261D67 /* toAppOrNotToAppTests */ = {
			isa = PBXGroup;
			children = (
				EABD82CD203790CD00261D67 /* toAppOrNotToAppTests.swift */,
				EABD82CF203790CD00261D67 /* Info.plist */,
			);
			path = toAppOrNotToAppTests;
			sourceTree = "<group>";
		};
		EABD82D7203790CD00261D67 /* toAppOrNotToAppUITests */ = {
			isa = PBXGroup;
			children = (
				EABD82D8203790CD00261D67 /* toAppOrNotToAppUITests.swift */,
				EABD82DA203790CD00261D67 /* Info.plist */,
			);
			path = toAppOrNotToAppUITests;
			sourceTree = "<group>";
		};
/* End PBXGroup section */

/* Begin PBXNativeTarget section */
		EABD82B6203790CD00261D67 /* toAppOrNotToApp */ = {
			isa = PBXNativeTarget;
			buildConfigurationList = EABD82DD203790CD00261D67 /* Build configuration list for PBXNativeTarget "toAppOrNotToApp" */;
			buildPhases = (
				EABD82B3203790CD00261D67 /* Sources */,
				EABD82B4203790CD00261D67 /* Frameworks */,
				EABD82B5203790CD00261D67 /* Resources */,
			);
			buildRules = (
			);
			dependencies = (
			);
			name = toAppOrNotToApp;
			productName = toAppOrNotToApp;
			productReference = EABD82B7203790CD00261D67 /* toAppOrNotToApp.app */;
			productType = "com.apple.product-type.application";
		};
		EABD82C8203790CD00261D67 /* toAppOrNotToAppTests */ = {
			isa = PBXNativeTarget;
			buildConfigurationList = EABD82E0203790CD00261D67 /* Build configuration list for PBXNativeTarget "toAppOrNotToAppTests" */;
			buildPhases = (
				EABD82C5203790CD00261D67 /* Sources */,
				EABD82C6203790CD00261D67 /* Frameworks */,
				EABD82C7203790CD00261D67 /* Resources */,
			);
			buildRules = (
			);
			dependencies = (
				EABD82CB203790CD00261D67 /* PBXTargetDependency */,
			);
			name = toAppOrNotToAppTests;
			productName = toAppOrNotToAppTests;
			productReference = EABD82C9203790CD00261D67 /* toAppOrNotToAppTests.xctest */;
			productType = "com.apple.product-type.bundle.unit-test";
		};
		EABD82D3203790CD00261D67 /* toAppOrNotToAppUITests */ = {
			isa = PBXNativeTarget;
			buildConfigurationList = EABD82E3203790CD00261D67 /* Build configuration list for PBXNativeTarget "toAppOrNotToAppUITests" */;
			buildPhases = (
				EABD82D0203790CD00261D67 /* Sources */,
				EABD82D1203790CD00261D67 /* Frameworks */,
				EABD82D2203790CD00261D67 /* Resources */,
			);
			buildRules = (
			);
			dependencies = (
				EABD82D6203790CD00261D67 /* PBXTargetDependency */,
			);
			name = toAppOrNotToAppUITests;
			productName = toAppOrNotToAppUITests;
			productReference = EABD82D4203790CD00261D67 /* toAppOrNotToAppUITests.xctest */;
			productType = "com.apple.product-type.bundle.ui-testing";
		};
/* End PBXNativeTarget section */

/* Begin PBXProject section */
		EABD82AF203790CD00261D67 /* Project object */ = {
			isa = PBXProject;
			attributes = {
				LastSwiftUpdateCheck = 0920;
				LastUpgradeCheck = 0920;
				ORGANIZATIONNAME = "Anthony Capobianco";
				TargetAttributes = {
					EABD82B6203790CD00261D67 = {
						CreatedOnToolsVersion = 9.2;
						ProvisioningStyle = Automatic;
					};
					EABD82C8203790CD00261D67 = {
						CreatedOnToolsVersion = 9.2;
						ProvisioningStyle = Automatic;
						TestTargetID = EABD82B6203790CD00261D67;
					};
					EABD82D3203790CD00261D67 = {
						CreatedOnToolsVersion = 9.2;
						ProvisioningStyle = Automatic;
						TestTargetID = EABD82B6203790CD00261D67;
					};
				};
			};
			buildConfigurationList = EABD82B2203790CD00261D67 /* Build configuration list for PBXProject "toAppOrNotToApp" */;
			compatibilityVersion = "Xcode 8.0";
			developmentRegion = en;
			hasScannedForEncodings = 0;
			knownRegions = (
				en,
				Base,
			);
			mainGroup = EABD82AE203790CD00261D67;
			productRefGroup = EABD82B8203790CD00261D67 /* Products */;
			projectDirPath = "";
			projectRoot = "";
			targets = (
				EABD82B6203790CD00261D67 /* toAppOrNotToApp */,
				EABD82C8203790CD00261D67 /* toAppOrNotToAppTests */,
				EABD82D3203790CD00261D67 /* toAppOrNotToAppUITests */,
			);
		};
/* End PBXProject section */

/* Begin PBXResourcesBuildPhase section */
		EABD82B5203790CD00261D67 /* Resources */ = {
			isa = PBXResourcesBuildPhase;
			buildActionMask = 2147483647;
			files = (
				EABD82BF203790CD00261D67 /* Assets.xcassets in Resources */,
				EABD82C2203790CD00261D67 /* Main.storyboard in Resources */,
			);
			runOnlyForDeploymentPostprocessing = 0;
		};
		EABD82C7203790CD00261D67 /* Resources */ = {
			isa = PBXResourcesBuildPhase;
			buildActionMask = 2147483647;
			files = (
			);
			runOnlyForDeploymentPostprocessing = 0;
		};
		EABD82D2203790CD00261D67 /* Resources */ = {
			isa = PBXResourcesBuildPhase;
			buildActionMask = 2147483647;
			files = (
			);
			runOnlyForDeploymentPostprocessing = 0;
		};
/* End PBXResourcesBuildPhase section */

/* Begin PBXSourcesBuildPhase section */
		EABD82B3203790CD00261D67 /* Sources */ = {
			isa = PBXSourcesBuildPhase;
			buildActionMask = 2147483647;
			files = (
				EABD82BD203790CD00261D67 /* ViewController.swift in Sources */,
				EABD82EE20379BFC00261D67 /* File.swift in Sources */,
				EABD82BB203790CD00261D67 /* AppDelegate.swift in Sources */,
				EABD82E92037977300261D67 /* dLogOOP.c in Sources */,
			);
			runOnlyForDeploymentPostprocessing = 0;
		};
		EABD82C5203790CD00261D67 /* Sources */ = {
			isa = PBXSourcesBuildPhase;
			buildActionMask = 2147483647;
			files = (
				EABD82CE203790CD00261D67 /* toAppOrNotToAppTests.swift in Sources */,
			);
			runOnlyForDeploymentPostprocessing = 0;
		};
		EABD82D0203790CD00261D67 /* Sources */ = {
			isa = PBXSourcesBuildPhase;
			buildActionMask = 2147483647;
			files = (
				EABD82D9203790CD00261D67 /* toAppOrNotToAppUITests.swift in Sources */,
			);
			runOnlyForDeploymentPostprocessing = 0;
		};
/* End PBXSourcesBuildPhase section */

/* Begin PBXTargetDependency section */
		EABD82CB203790CD00261D67 /* PBXTargetDependency */ = {
			isa = PBXTargetDependency;
			target = EABD82B6203790CD00261D67 /* toAppOrNotToApp */;
			targetProxy = EABD82CA203790CD00261D67 /* PBXContainerItemProxy */;
		};
		EABD82D6203790CD00261D67 /* PBXTargetDependency */ = {
			isa = PBXTargetDependency;
			target = EABD82B6203790CD00261D67 /* toAppOrNotToApp */;
			targetProxy = EABD82D5203790CD00261D67 /* PBXContainerItemProxy */;
		};
/* End PBXTargetDependency section */

/* Begin PBXVariantGroup section */
		EABD82C0203790CD00261D67 /* Main.storyboard */ = {
			isa = PBXVariantGroup;
			children = (
				EABD82C1203790CD00261D67 /* Base */,
				EABD82E72037915300261D67 /* en */,
			);
			name = Main.storyboard;
			sourceTree = "<group>";
		};
/* End PBXVariantGroup section */

/* Begin XCBuildConfiguration section */
		EABD82DB203790CD00261D67 /* Debug */ = {
			isa = XCBuildConfiguration;
			buildSettings = {
				ALWAYS_SEARCH_USER_PATHS = NO;
				CLANG_ANALYZER_NONNULL = YES;
				CLANG_ANALYZER_NUMBER_OBJECT_CONVERSION = YES_AGGRESSIVE;
				CLANG_CXX_LANGUAGE_STANDARD = "gnu++14";
				CLANG_CXX_LIBRARY = "libc++";
				CLANG_ENABLE_MODULES = YES;
				CLANG_ENABLE_OBJC_ARC = YES;
				CLANG_WARN_BLOCK_CAPTURE_AUTORELEASING = YES;
				CLANG_WARN_BOOL_CONVERSION = YES;
				CLANG_WARN_COMMA = YES;
				CLANG_WARN_CONSTANT_CONVERSION = YES;
				CLANG_WARN_DIRECT_OBJC_ISA_USAGE = YES_ERROR;
				CLANG_WARN_DOCUMENTATION_COMMENTS = YES;
				CLANG_WARN_EMPTY_BODY = YES;
				CLANG_WARN_ENUM_CONVERSION = YES;
				CLANG_WARN_INFINITE_RECURSION = YES;
				CLANG_WARN_INT_CONVERSION = YES;
				CLANG_WARN_NON_LITERAL_NULL_CONVERSION = YES;
				CLANG_WARN_OBJC_LITERAL_CONVERSION = YES;
				CLANG_WARN_OBJC_ROOT_CLASS = YES_ERROR;
				CLANG_WARN_RANGE_LOOP_ANALYSIS = YES;
				CLANG_WARN_STRICT_PROTOTYPES = YES;
				CLANG_WARN_SUSPICIOUS_MOVE = YES;
				CLANG_WARN_UNGUARDED_AVAILABILITY = YES_AGGRESSIVE;
				CLANG_WARN_UNREACHABLE_CODE = YES;
				CLANG_WARN__DUPLICATE_METHOD_MATCH = YES;
				CODE_SIGN_IDENTITY = "-";
				COPY_PHASE_STRIP = NO;
				DEBUG_INFORMATION_FORMAT = dwarf;
				ENABLE_STRICT_OBJC_MSGSEND = YES;
				ENABLE_TESTABILITY = YES;
				GCC_C_LANGUAGE_STANDARD = gnu11;
				GCC_DYNAMIC_NO_PIC = NO;
				GCC_NO_COMMON_BLOCKS = YES;
				GCC_OPTIMIZATION_LEVEL = 0;
				GCC_PREPROCESSOR_DEFINITIONS = (
					"DEBUG=1",
					"$(inherited)",
				);
				GCC_WARN_64_TO_32_BIT_CONVERSION = YES;
				GCC_WARN_ABOUT_RETURN_TYPE = YES_ERROR;
				GCC_WARN_UNDECLARED_SELECTOR = YES;
				GCC_WARN_UNINITIALIZED_AUTOS = YES_AGGRESSIVE;
				GCC_WARN_UNUSED_FUNCTION = YES;
				GCC_WARN_UNUSED_VARIABLE = YES;
				MACOSX_DEPLOYMENT_TARGET = 10.13;
				MTL_ENABLE_DEBUG_INFO = YES;
				ONLY_ACTIVE_ARCH = YES;
				SDKROOT = macosx;
				SWIFT_ACTIVE_COMPILATION_CONDITIONS = DEBUG;
				SWIFT_OPTIMIZATION_LEVEL = "-Onone";
			};
			name = Debug;
		};
		EABD82DC203790CD00261D67 /* Release */ = {
			isa = XCBuildConfiguration;
			buildSettings = {
				ALWAYS_SEARCH_USER_PATHS = NO;
				CLANG_ANALYZER_NONNULL = YES;
				CLANG_ANALYZER_NUMBER_OBJECT_CONVERSION = YES_AGGRESSIVE;
				CLANG_CXX_LANGUAGE_STANDARD = "gnu++14";
				CLANG_CXX_LIBRARY = "libc++";
				CLANG_ENABLE_MODULES = YES;
				CLANG_ENABLE_OBJC_ARC = YES;
				CLANG_WARN_BLOCK_CAPTURE_AUTORELEASING = YES;
				CLANG_WARN_BOOL_CONVERSION = YES;
				CLANG_WARN_COMMA = YES;
				CLANG_WARN_CONSTANT_CONVERSION = YES;
				CLANG_WARN_DIRECT_OBJC_ISA_USAGE = YES_ERROR;
				CLANG_WARN_DOCUMENTATION_COMMENTS = YES;
				CLANG_WARN_EMPTY_BODY = YES;
				CLANG_WARN_ENUM_CONVERSION = YES;
				CLANG_WARN_INFINITE_RECURSION = YES;
				CLANG_WARN_INT_CONVERSION = YES;
				CLANG_WARN_NON_LITERAL_NULL_CONVERSION = YES;
				CLANG_WARN_OBJC_LITERAL_CONVERSION = YES;
				CLANG_WARN_OBJC_ROOT_CLASS = YES_ERROR;
				CLANG_WARN_RANGE_LOOP_ANALYSIS = YES;
				CLANG_WARN_STRICT_PROTOTYPES = YES;
				CLANG_WARN_SUSPICIOUS_MOVE = YES;
				CLANG_WARN_UNGUARDED_AVAILABILITY = YES_AGGRESSIVE;
				CLANG_WARN_UNREACHABLE_CODE = YES;
				CLANG_WARN__DUPLICATE_METHOD_MATCH = YES;
				CODE_SIGN_IDENTITY = "-";
				COPY_PHASE_STRIP = NO;
				DEBUG_INFORMATION_FORMAT = "dwarf-with-dsym";
				ENABLE_NS_ASSERTIONS = NO;
				ENABLE_STRICT_OBJC_MSGSEND = YES;
				GCC_C_LANGUAGE_STANDARD = gnu11;
				GCC_NO_COMMON_BLOCKS = YES;
				GCC_WARN_64_TO_32_BIT_CONVERSION = YES;
				GCC_WARN_ABOUT_RETURN_TYPE = YES_ERROR;
				GCC_WARN_UNDECLARED_SELECTOR = YES;
				GCC_WARN_UNINITIALIZED_AUTOS = YES_AGGRESSIVE;
				GCC_WARN_UNUSED_FUNCTION = YES;
				GCC_WARN_UNUSED_VARIABLE = YES;
				MACOSX_DEPLOYMENT_TARGET = 10.13;
				MTL_ENABLE_DEBUG_INFO = NO;
				SDKROOT = macosx;
				SWIFT_OPTIMIZATION_LEVEL = "-Owholemodule";
			};
			name = Release;
		};
		EABD82DE203790CD00261D67 /* Debug */ = {
			isa = XCBuildConfiguration;
			buildSettings = {
				ASSETCATALOG_COMPILER_APPICON_NAME = AppIcon;
				CODE_SIGN_ENTITLEMENTS = toAppOrNotToApp/toAppOrNotToApp.entitlements;
				CODE_SIGN_STYLE = Automatic;
				COMBINE_HIDPI_IMAGES = YES;
				INFOPLIST_FILE = toAppOrNotToApp/Info.plist;
				LD_RUNPATH_SEARCH_PATHS = "$(inherited) @executable_path/../Frameworks";
				PRODUCT_BUNDLE_IDENTIFIER = acdesign.toAppOrNotToApp;
				PRODUCT_NAME = "$(TARGET_NAME)";
				SWIFT_VERSION = 4.0;
			};
			name = Debug;
		};
		EABD82DF203790CD00261D67 /* Release */ = {
			isa = XCBuildConfiguration;
			buildSettings = {
				ASSETCATALOG_COMPILER_APPICON_NAME = AppIcon;
				CODE_SIGN_ENTITLEMENTS = toAppOrNotToApp/toAppOrNotToApp.entitlements;
				CODE_SIGN_STYLE = Automatic;
				COMBINE_HIDPI_IMAGES = YES;
				INFOPLIST_FILE = toAppOrNotToApp/Info.plist;
				LD_RUNPATH_SEARCH_PATHS = "$(inherited) @executable_path/../Frameworks";
				PRODUCT_BUNDLE_IDENTIFIER = acdesign.toAppOrNotToApp;
				PRODUCT_NAME = "$(TARGET_NAME)";
				SWIFT_VERSION = 4.0;
			};
			name = Release;
		};
		EABD82E1203790CD00261D67 /* Debug */ = {
			isa = XCBuildConfiguration;
			buildSettings = {
				ALWAYS_EMBED_SWIFT_STANDARD_LIBRARIES = YES;
				BUNDLE_LOADER = "$(TEST_HOST)";
				CODE_SIGN_STYLE = Automatic;
				COMBINE_HIDPI_IMAGES = YES;
				INFOPLIST_FILE = toAppOrNotToAppTests/Info.plist;
				LD_RUNPATH_SEARCH_PATHS = "$(inherited) @executable_path/../Frameworks @loader_path/../Frameworks";
				PRODUCT_BUNDLE_IDENTIFIER = acdesign.toAppOrNotToAppTests;
				PRODUCT_NAME = "$(TARGET_NAME)";
				SWIFT_VERSION = 4.0;
				TEST_HOST = "$(BUILT_PRODUCTS_DIR)/toAppOrNotToApp.app/Contents/MacOS/toAppOrNotToApp";
			};
			name = Debug;
		};
		EABD82E2203790CD00261D67 /* Release */ = {
			isa = XCBuildConfiguration;
			buildSettings = {
				ALWAYS_EMBED_SWIFT_STANDARD_LIBRARIES = YES;
				BUNDLE_LOADER = "$(TEST_HOST)";
				CODE_SIGN_STYLE = Automatic;
				COMBINE_HIDPI_IMAGES = YES;
				INFOPLIST_FILE = toAppOrNotToAppTests/Info.plist;
				LD_RUNPATH_SEARCH_PATHS = "$(inherited) @executable_path/../Frameworks @loader_path/../Frameworks";
				PRODUCT_BUNDLE_IDENTIFIER = acdesign.toAppOrNotToAppTests;
				PRODUCT_NAME = "$(TARGET_NAME)";
				SWIFT_VERSION = 4.0;
				TEST_HOST = "$(BUILT_PRODUCTS_DIR)/toAppOrNotToApp.app/Contents/MacOS/toAppOrNotToApp";
			};
			name = Release;
		};
		EABD82E4203790CD00261D67 /* Debug */ = {
			isa = XCBuildConfiguration;
			buildSettings = {
				ALWAYS_EMBED_SWIFT_STANDARD_LIBRARIES = YES;
				CODE_SIGN_STYLE = Automatic;
				COMBINE_HIDPI_IMAGES = YES;
				INFOPLIST_FILE = toAppOrNotToAppUITests/Info.plist;
				LD_RUNPATH_SEARCH_PATHS = "$(inherited) @executable_path/../Frameworks @loader_path/../Frameworks";
				PRODUCT_BUNDLE_IDENTIFIER = acdesign.toAppOrNotToAppUITests;
				PRODUCT_NAME = "$(TARGET_NAME)";
				SWIFT_VERSION = 4.0;
				TEST_TARGET_NAME = toAppOrNotToApp;
			};
			name = Debug;
		};
		EABD82E5203790CD00261D67 /* Release */ = {
			isa = XCBuildConfiguration;
			buildSettings = {
				ALWAYS_EMBED_SWIFT_STANDARD_LIBRARIES = YES;
				CODE_SIGN_STYLE = Automatic;
				COMBINE_HIDPI_IMAGES = YES;
				INFOPLIST_FILE = toAppOrNotToAppUITests/Info.plist;
				LD_RUNPATH_SEARCH_PATHS = "$(inherited) @executable_path/../Frameworks @loader_path/../Frameworks";
				PRODUCT_BUNDLE_IDENTIFIER = acdesign.toAppOrNotToAppUITests;
				PRODUCT_NAME = "$(TARGET_NAME)";
				SWIFT_VERSION = 4.0;
				TEST_TARGET_NAME = toAppOrNotToApp;
			};
			name = Release;
		};
/* End XCBuildConfiguration section */

/* Begin XCConfigurationList section */
		EABD82B2203790CD00261D67 /* Build configuration list for PBXProject "toAppOrNotToApp" */ = {
			isa = XCConfigurationList;
			buildConfigurations = (
				EABD82DB203790CD00261D67 /* Debug */,
				EABD82DC203790CD00261D67 /* Release */,
			);
			defaultConfigurationIsVisible = 0;
			defaultConfigurationName = Release;
		};
		EABD82DD203790CD00261D67 /* Build configuration list for PBXNativeTarget "toAppOrNotToApp" */ = {
			isa = XCConfigurationList;
			buildConfigurations = (
				EABD82DE203790CD00261D67 /* Debug */,
				EABD82DF203790CD00261D67 /* Release */,
			);
			defaultConfigurationIsVisible = 0;
			defaultConfigurationName = Release;
		};
		EABD82E0203790CD00261D67 /* Build configuration list for PBXNativeTarget "toAppOrNotToAppTests" */ = {
			isa = XCConfigurationList;
			buildConfigurations = (
				EABD82E1203790CD00261D67 /* Debug */,
				EABD82E2203790CD00261D67 /* Release */,
			);
			defaultConfigurationIsVisible = 0;
			defaultConfigurationName = Release;
		};
		EABD82E3203790CD00261D67 /* Build configuration list for PBXNativeTarget "toAppOrNotToAppUITests" */ = {
			isa = XCConfigurationList;
			buildConfigurations = (
				EABD82E4203790CD00261D67 /* Debug */,
				EABD82E5203790CD00261D67 /* Release */,
			);
			defaultConfigurationIsVisible = 0;
			defaultConfigurationName = Release;
		};
/* End XCConfigurationList section */
	};
	rootObject = EABD82AF203790CD00261D67 /* Project object */;
}
