// !$*UTF8*$!
{
	archiveVersion = 1;
	classes = {
	};
	objectVersion = 50;
	objects = {

/* Begin PBXBuildFile section */
		EAF2475121BBF34C0041E2EE /* main.cpp in Sources */ = {isa = PBXBuildFile; fileRef = EAF2475021BBF34C0041E2EE /* main.cpp */; };
		EAF2475E21BBF7CC0041E2EE /* libncurses.5.4.tbd in Frameworks */ = {isa = PBXBuildFile; fileRef = EAF2475D21BBF7CC0041E2EE /* libncurses.5.4.tbd */; };
/* End PBXBuildFile section */

/* Begin PBXCopyFilesBuildPhase section */
		EAF2474B21BBF34C0041E2EE /* CopyFiles */ = {
			isa = PBXCopyFilesBuildPhase;
			buildActionMask = 2147483647;
			dstPath = /usr/share/man/man1/;
			dstSubfolderSpec = 0;
			files = (
			);
			runOnlyForDeploymentPostprocessing = 1;
		};
/* End PBXCopyFilesBuildPhase section */

/* Begin PBXFileReference section */
		EAF2474D21BBF34C0041E2EE /* nocurses */ = {isa = PBXFileReference; explicitFileType = "compiled.mach-o.executable"; includeInIndex = 0; path = nocurses; sourceTree = BUILT_PRODUCTS_DIR; };
		EAF2475021BBF34C0041E2EE /* main.cpp */ = {isa = PBXFileReference; lastKnownFileType = sourcecode.cpp.cpp; path = main.cpp; sourceTree = "<group>"; };
		EAF2475B21BBF3BA0041E2EE /* nocurses.h */ = {isa = PBXFileReference; explicitFileType = sourcecode.cpp.h; name = nocurses.h; path = nocurses/includes/nocurses.h; sourceTree = SOURCE_ROOT; };
		EAF2475D21BBF7CC0041E2EE /* libncurses.5.4.tbd */ = {isa = PBXFileReference; lastKnownFileType = "sourcecode.text-based-dylib-definition"; name = libncurses.5.4.tbd; path = usr/lib/libncurses.5.4.tbd; sourceTree = SDKROOT; };
/* End PBXFileReference section */

/* Begin PBXFrameworksBuildPhase section */
		EAF2474A21BBF34C0041E2EE /* Frameworks */ = {
			isa = PBXFrameworksBuildPhase;
			buildActionMask = 2147483647;
			files = (
				EAF2475E21BBF7CC0041E2EE /* libncurses.5.4.tbd in Frameworks */,
			);
			runOnlyForDeploymentPostprocessing = 0;
		};
/* End PBXFrameworksBuildPhase section */

/* Begin PBXGroup section */
		EAF2474421BBF34B0041E2EE = {
			isa = PBXGroup;
			children = (
				EAF2474F21BBF34C0041E2EE /* nocurses */,
				EAF2474E21BBF34C0041E2EE /* Products */,
				EAF2475C21BBF7CC0041E2EE /* Frameworks */,
			);
			sourceTree = "<group>";
		};
		EAF2474E21BBF34C0041E2EE /* Products */ = {
			isa = PBXGroup;
			children = (
				EAF2474D21BBF34C0041E2EE /* nocurses */,
			);
			name = Products;
			sourceTree = "<group>";
		};
		EAF2474F21BBF34C0041E2EE /* nocurses */ = {
			isa = PBXGroup;
			children = (
				EAF2475A21BBF3850041E2EE /* source */,
				EAF2475921BBF36E0041E2EE /* includes */,
				EAF2475021BBF34C0041E2EE /* main.cpp */,
			);
			path = nocurses;
			sourceTree = "<group>";
		};
		EAF2475921BBF36E0041E2EE /* includes */ = {
			isa = PBXGroup;
			children = (
				EAF2475B21BBF3BA0041E2EE /* nocurses.h */,
			);
			path = includes;
			sourceTree = "<group>";
		};
		EAF2475A21BBF3850041E2EE /* source */ = {
			isa = PBXGroup;
			children = (
			);
			path = source;
			sourceTree = "<group>";
		};
		EAF2475C21BBF7CC0041E2EE /* Frameworks */ = {
			isa = PBXGroup;
			children = (
				EAF2475D21BBF7CC0041E2EE /* libncurses.5.4.tbd */,
			);
			name = Frameworks;
			sourceTree = "<group>";
		};
/* End PBXGroup section */

/* Begin PBXNativeTarget section */
		EAF2474C21BBF34C0041E2EE /* nocurses */ = {
			isa = PBXNativeTarget;
			buildConfigurationList = EAF2475421BBF34C0041E2EE /* Build configuration list for PBXNativeTarget "nocurses" */;
			buildPhases = (
				EAF2474921BBF34C0041E2EE /* Sources */,
				EAF2474A21BBF34C0041E2EE /* Frameworks */,
				EAF2474B21BBF34C0041E2EE /* CopyFiles */,
			);
			buildRules = (
			);
			dependencies = (
			);
			name = nocurses;
			productName = nocurses;
			productReference = EAF2474D21BBF34C0041E2EE /* nocurses */;
			productType = "com.apple.product-type.tool";
		};
/* End PBXNativeTarget section */

/* Begin PBXProject section */
		EAF2474521BBF34C0041E2EE /* Project object */ = {
			isa = PBXProject;
			attributes = {
				LastUpgradeCheck = 1010;
				ORGANIZATIONNAME = aj;
				TargetAttributes = {
					EAF2474C21BBF34C0041E2EE = {
						CreatedOnToolsVersion = 10.1;
					};
				};
			};
			buildConfigurationList = EAF2474821BBF34C0041E2EE /* Build configuration list for PBXProject "nocurses" */;
			compatibilityVersion = "Xcode 9.3";
			developmentRegion = en;
			hasScannedForEncodings = 0;
			knownRegions = (
				en,
			);
			mainGroup = EAF2474421BBF34B0041E2EE;
			productRefGroup = EAF2474E21BBF34C0041E2EE /* Products */;
			projectDirPath = "";
			projectRoot = "";
			targets = (
				EAF2474C21BBF34C0041E2EE /* nocurses */,
			);
		};
/* End PBXProject section */

/* Begin PBXSourcesBuildPhase section */
		EAF2474921BBF34C0041E2EE /* Sources */ = {
			isa = PBXSourcesBuildPhase;
			buildActionMask = 2147483647;
			files = (
				EAF2475121BBF34C0041E2EE /* main.cpp in Sources */,
			);
			runOnlyForDeploymentPostprocessing = 0;
		};
/* End PBXSourcesBuildPhase section */

/* Begin XCBuildConfiguration section */
		EAF2475221BBF34C0041E2EE /* Debug */ = {
			isa = XCBuildConfiguration;
			buildSettings = {
				ALWAYS_SEARCH_USER_PATHS = NO;
				CLANG_ANALYZER_NONNULL = YES;
				CLANG_ANALYZER_NUMBER_OBJECT_CONVERSION = YES_AGGRESSIVE;
				CLANG_CXX_LANGUAGE_STANDARD = "gnu++14";
				CLANG_CXX_LIBRARY = "libc++";
				CLANG_ENABLE_MODULES = YES;
				CLANG_ENABLE_OBJC_ARC = YES;
				CLANG_ENABLE_OBJC_WEAK = YES;
				CLANG_WARN_BLOCK_CAPTURE_AUTORELEASING = YES;
				CLANG_WARN_BOOL_CONVERSION = YES;
				CLANG_WARN_COMMA = YES;
				CLANG_WARN_CONSTANT_CONVERSION = YES;
				CLANG_WARN_DEPRECATED_OBJC_IMPLEMENTATIONS = YES;
				CLANG_WARN_DIRECT_OBJC_ISA_USAGE = YES_ERROR;
				CLANG_WARN_DOCUMENTATION_COMMENTS = YES;
				CLANG_WARN_EMPTY_BODY = YES;
				CLANG_WARN_ENUM_CONVERSION = YES;
				CLANG_WARN_INFINITE_RECURSION = YES;
				CLANG_WARN_INT_CONVERSION = YES;
				CLANG_WARN_NON_LITERAL_NULL_CONVERSION = YES;
				CLANG_WARN_OBJC_IMPLICIT_RETAIN_SELF = YES;
				CLANG_WARN_OBJC_LITERAL_CONVERSION = YES;
				CLANG_WARN_OBJC_ROOT_CLASS = YES_ERROR;
				CLANG_WARN_RANGE_LOOP_ANALYSIS = YES;
				CLANG_WARN_STRICT_PROTOTYPES = YES;
				CLANG_WARN_SUSPICIOUS_MOVE = YES;
				CLANG_WARN_UNGUARDED_AVAILABILITY = YES_AGGRESSIVE;
				CLANG_WARN_UNREACHABLE_CODE = YES;
				CLANG_WARN__DUPLICATE_METHOD_MATCH = YES;
				CODE_SIGN_IDENTITY = "Mac Developer";
				COPY_PHASE_STRIP = NO;
				DEBUG_INFORMATION_FORMAT = dwarf;
				ENABLE_STRICT_OBJC_MSGSEND = YES;
				ENABLE_TESTABILITY = YES;
				GCC_C_LANGUAGE_STANDARD = gnu11;
				GCC_DYNAMIC_NO_PIC = NO;
				GCC_NO_COMMON_BLOCKS = YES;
				GCC_OPTIMIZATION_LEVEL = 0;
				GCC_PREPROCESSOR_DEFINITIONS = (
					"DEBUG=1",
					"$(inherited)",
				);
				GCC_WARN_64_TO_32_BIT_CONVERSION = YES;
				GCC_WARN_ABOUT_RETURN_TYPE = YES_ERROR;
				GCC_WARN_UNDECLARED_SELECTOR = YES;
				GCC_WARN_UNINITIALIZED_AUTOS = YES_AGGRESSIVE;
				GCC_WARN_UNUSED_FUNCTION = YES;
				GCC_WARN_UNUSED_VARIABLE = YES;
				MACOSX_DEPLOYMENT_TARGET = 10.14;
				MTL_ENABLE_DEBUG_INFO = INCLUDE_SOURCE;
				MTL_FAST_MATH = YES;
				ONLY_ACTIVE_ARCH = YES;
				SDKROOT = macosx;
			};
			name = Debug;
		};
		EAF2475321BBF34C0041E2EE /* Release */ = {
			isa = XCBuildConfiguration;
			buildSettings = {
				ALWAYS_SEARCH_USER_PATHS = NO;
				CLANG_ANALYZER_NONNULL = YES;
				CLANG_ANALYZER_NUMBER_OBJECT_CONVERSION = YES_AGGRESSIVE;
				CLANG_CXX_LANGUAGE_STANDARD = "gnu++14";
				CLANG_CXX_LIBRARY = "libc++";
				CLANG_ENABLE_MODULES = YES;
				CLANG_ENABLE_OBJC_ARC = YES;
				CLANG_ENABLE_OBJC_WEAK = YES;
				CLANG_WARN_BLOCK_CAPTURE_AUTORELEASING = YES;
				CLANG_WARN_BOOL_CONVERSION = YES;
				CLANG_WARN_COMMA = YES;
				CLANG_WARN_CONSTANT_CONVERSION = YES;
				CLANG_WARN_DEPRECATED_OBJC_IMPLEMENTATIONS = YES;
				CLANG_WARN_DIRECT_OBJC_ISA_USAGE = YES_ERROR;
				CLANG_WARN_DOCUMENTATION_COMMENTS = YES;
				CLANG_WARN_EMPTY_BODY = YES;
				CLANG_WARN_ENUM_CONVERSION = YES;
				CLANG_WARN_INFINITE_RECURSION = YES;
				CLANG_WARN_INT_CONVERSION = YES;
				CLANG_WARN_NON_LITERAL_NULL_CONVERSION = YES;
				CLANG_WARN_OBJC_IMPLICIT_RETAIN_SELF = YES;
				CLANG_WARN_OBJC_LITERAL_CONVERSION = YES;
				CLANG_WARN_OBJC_ROOT_CLASS = YES_ERROR;
				CLANG_WARN_RANGE_LOOP_ANALYSIS = YES;
				CLANG_WARN_STRICT_PROTOTYPES = YES;
				CLANG_WARN_SUSPICIOUS_MOVE = YES;
				CLANG_WARN_UNGUARDED_AVAILABILITY = YES_AGGRESSIVE;
				CLANG_WARN_UNREACHABLE_CODE = YES;
				CLANG_WARN__DUPLICATE_METHOD_MATCH = YES;
				CODE_SIGN_IDENTITY = "Mac Developer";
				COPY_PHASE_STRIP = NO;
				DEBUG_INFORMATION_FORMAT = "dwarf-with-dsym";
				ENABLE_NS_ASSERTIONS = NO;
				ENABLE_STRICT_OBJC_MSGSEND = YES;
				GCC_C_LANGUAGE_STANDARD = gnu11;
				GCC_NO_COMMON_BLOCKS = YES;
				GCC_WARN_64_TO_32_BIT_CONVERSION = YES;
				GCC_WARN_ABOUT_RETURN_TYPE = YES_ERROR;
				GCC_WARN_UNDECLARED_SELECTOR = YES;
				GCC_WARN_UNINITIALIZED_AUTOS = YES_AGGRESSIVE;
				GCC_WARN_UNUSED_FUNCTION = YES;
				GCC_WARN_UNUSED_VARIABLE = YES;
				MACOSX_DEPLOYMENT_TARGET = 10.14;
				MTL_ENABLE_DEBUG_INFO = NO;
				MTL_FAST_MATH = YES;
				SDKROOT = macosx;
			};
			name = Release;
		};
		EAF2475521BBF34C0041E2EE /* Debug */ = {
			isa = XCBuildConfiguration;
			buildSettings = {
				CODE_SIGN_STYLE = Automatic;
				DEVELOPMENT_TEAM = 88L87CZSR7;
				PRODUCT_NAME = "$(TARGET_NAME)";
			};
			name = Debug;
		};
		EAF2475621BBF34C0041E2EE /* Release */ = {
			isa = XCBuildConfiguration;
			buildSettings = {
				CODE_SIGN_STYLE = Automatic;
				DEVELOPMENT_TEAM = 88L87CZSR7;
				PRODUCT_NAME = "$(TARGET_NAME)";
			};
			name = Release;
		};
/* End XCBuildConfiguration section */

/* Begin XCConfigurationList section */
		EAF2474821BBF34C0041E2EE /* Build configuration list for PBXProject "nocurses" */ = {
			isa = XCConfigurationList;
			buildConfigurations = (
				EAF2475221BBF34C0041E2EE /* Debug */,
				EAF2475321BBF34C0041E2EE /* Release */,
			);
			defaultConfigurationIsVisible = 0;
			defaultConfigurationName = Release;
		};
		EAF2475421BBF34C0041E2EE /* Build configuration list for PBXNativeTarget "nocurses" */ = {
			isa = XCConfigurationList;
			buildConfigurations = (
				EAF2475521BBF34C0041E2EE /* Debug */,
				EAF2475621BBF34C0041E2EE /* Release */,
			);
			defaultConfigurationIsVisible = 0;
			defaultConfigurationName = Release;
		};
/* End XCConfigurationList section */
	};
	rootObject = EAF2474521BBF34C0041E2EE /* Project object */;
}
