// !$*UTF8*$!
{
	archiveVersion = 1;
	classes = {
	};
	objectVersion = 48;
	objects = {

/* Begin PBXBuildFile section */
		EA24EB102036F59A009968AA /* yogurd in Sources */ = {isa = PBXBuildFile; fileRef = EA24EAFF2035CCB5009968AA /* yogurd */; };
		EAFC4E4220432334004EDBD6 /* yogurd.c in Sources */ = {isa = PBXBuildFile; fileRef = EAFC4E3F20432334004EDBD6 /* yogurd.c */; };
		EAFC4E4320432334004EDBD6 /* drugio.c in Sources */ = {isa = PBXBuildFile; fileRef = EAFC4E4020432334004EDBD6 /* drugio.c */; };
/* End PBXBuildFile section */

/* Begin PBXBuildRule section */
		EA24EB092035CD86009968AA /* PBXBuildRule */ = {
			isa = PBXBuildRule;
			compilerSpec = com.apple.compilers.llvm.clang.1_0;
			fileType = sourcecode.c;
			isEditable = 1;
			outputFiles = (
			);
			script = "# <com.apple.compilers.gcc>\n";
		};
/* End PBXBuildRule section */

/* Begin PBXFileReference section */
		EA24EAFF2035CCB5009968AA /* yogurd */ = {isa = PBXFileReference; explicitFileType = "compiled.mach-o.executable"; includeInIndex = 0; path = yogurd; sourceTree = BUILT_PRODUCTS_DIR; };
		EAFC4E3F20432334004EDBD6 /* yogurd.c */ = {isa = PBXFileReference; fileEncoding = 4; lastKnownFileType = sourcecode.c.c; name = yogurd.c; path = ../../../../../../Desktop/revised/yogurd/yogurd.c; sourceTree = "<group>"; };
		EAFC4E4020432334004EDBD6 /* drugio.c */ = {isa = PBXFileReference; fileEncoding = 4; lastKnownFileType = sourcecode.c.c; name = drugio.c; path = ../../../../../../Desktop/revised/yogurd/drugio.c; sourceTree = "<group>"; };
		EAFC4E4120432334004EDBD6 /* drugio.h */ = {isa = PBXFileReference; fileEncoding = 4; lastKnownFileType = sourcecode.c.h; name = drugio.h; path = ../../../../../../Desktop/revised/yogurd/drugio.h; sourceTree = "<group>"; };
		EAFC4E44204328ED004EDBD6 /* yogurd */ = {isa = PBXFileReference; lastKnownFileType = "compiled.mach-o.executable"; name = yogurd; path = ../../../../../Desktop/yogurd/yogurd; sourceTree = "<group>"; };
/* End PBXFileReference section */

/* Begin PBXGroup section */
		EA24EAF62035CCB5009968AA = {
			isa = PBXGroup;
			children = (
				EA24EB012035CCB5009968AA /* yogurd */,
				EA24EB002035CCB5009968AA /* Products */,
				EAFC4E44204328ED004EDBD6 /* yogurd */,
			);
			sourceTree = "<group>";
		};
		EA24EB002035CCB5009968AA /* Products */ = {
			isa = PBXGroup;
			children = (
				EA24EAFF2035CCB5009968AA /* yogurd */,
			);
			name = Products;
			sourceTree = "<group>";
		};
		EA24EB012035CCB5009968AA /* yogurd */ = {
			isa = PBXGroup;
			children = (
				EAFC4E4020432334004EDBD6 /* drugio.c */,
				EAFC4E4120432334004EDBD6 /* drugio.h */,
				EAFC4E3F20432334004EDBD6 /* yogurd.c */,
			);
			path = yogurd;
			sourceTree = "<group>";
		};
/* End PBXGroup section */

/* Begin PBXNativeTarget section */
		EA24EAFE2035CCB5009968AA /* yogurd */ = {
			isa = PBXNativeTarget;
			buildConfigurationList = EA24EB062035CCB5009968AA /* Build configuration list for PBXNativeTarget "yogurd" */;
			buildPhases = (
				EA24EAFB2035CCB5009968AA /* Sources */,
			);
			buildRules = (
				EA24EB092035CD86009968AA /* PBXBuildRule */,
			);
			dependencies = (
			);
			name = yogurd;
			productName = yogurd;
			productReference = EA24EAFF2035CCB5009968AA /* yogurd */;
			productType = "com.apple.product-type.tool";
		};
/* End PBXNativeTarget section */

/* Begin PBXProject section */
		EA24EAF72035CCB5009968AA /* Project object */ = {
			isa = PBXProject;
			attributes = {
				LastUpgradeCheck = 0920;
				ORGANIZATIONNAME = "Anthony Capobianco";
				TargetAttributes = {
					EA24EAFE2035CCB5009968AA = {
						CreatedOnToolsVersion = 9.2;
						ProvisioningStyle = Automatic;
					};
				};
			};
			buildConfigurationList = EA24EAFA2035CCB5009968AA /* Build configuration list for PBXProject "yogurd" */;
			compatibilityVersion = "Xcode 8.0";
			developmentRegion = en;
			hasScannedForEncodings = 0;
			knownRegions = (
				en,
			);
			mainGroup = EA24EAF62035CCB5009968AA;
			productRefGroup = EA24EB002035CCB5009968AA /* Products */;
			projectDirPath = "";
			projectRoot = "";
			targets = (
				EA24EAFE2035CCB5009968AA /* yogurd */,
			);
		};
/* End PBXProject section */

/* Begin PBXSourcesBuildPhase section */
		EA24EAFB2035CCB5009968AA /* Sources */ = {
			isa = PBXSourcesBuildPhase;
			buildActionMask = 2147483647;
			files = (
				EA24EB102036F59A009968AA /* yogurd in Sources */,
				EAFC4E4320432334004EDBD6 /* drugio.c in Sources */,
				EAFC4E4220432334004EDBD6 /* yogurd.c in Sources */,
			);
			runOnlyForDeploymentPostprocessing = 0;
		};
/* End PBXSourcesBuildPhase section */

/* Begin XCBuildConfiguration section */
		EA24EB042035CCB5009968AA /* Debug */ = {
			isa = XCBuildConfiguration;
			buildSettings = {
				ALWAYS_SEARCH_USER_PATHS = NO;
				CLANG_ANALYZER_NONNULL = YES;
				CLANG_ANALYZER_NUMBER_OBJECT_CONVERSION = YES_AGGRESSIVE;
				CLANG_CXX_LANGUAGE_STANDARD = "gnu++14";
				CLANG_CXX_LIBRARY = "libc++";
				CLANG_ENABLE_MODULES = YES;
				CLANG_ENABLE_OBJC_ARC = YES;
				CLANG_WARN_BLOCK_CAPTURE_AUTORELEASING = YES;
				CLANG_WARN_BOOL_CONVERSION = YES;
				CLANG_WARN_COMMA = YES;
				CLANG_WARN_CONSTANT_CONVERSION = YES;
				CLANG_WARN_DIRECT_OBJC_ISA_USAGE = YES_ERROR;
				CLANG_WARN_DOCUMENTATION_COMMENTS = YES;
				CLANG_WARN_EMPTY_BODY = YES;
				CLANG_WARN_ENUM_CONVERSION = YES;
				CLANG_WARN_INFINITE_RECURSION = YES;
				CLANG_WARN_INT_CONVERSION = YES;
				CLANG_WARN_NON_LITERAL_NULL_CONVERSION = YES;
				CLANG_WARN_OBJC_LITERAL_CONVERSION = YES;
				CLANG_WARN_OBJC_ROOT_CLASS = YES_ERROR;
				CLANG_WARN_RANGE_LOOP_ANALYSIS = YES;
				CLANG_WARN_STRICT_PROTOTYPES = YES;
				CLANG_WARN_SUSPICIOUS_MOVE = YES;
				CLANG_WARN_UNGUARDED_AVAILABILITY = YES_AGGRESSIVE;
				CLANG_WARN_UNREACHABLE_CODE = YES;
				CLANG_WARN__DUPLICATE_METHOD_MATCH = YES;
				CODE_SIGN_IDENTITY = "-";
				COPY_PHASE_STRIP = NO;
				DEBUG_INFORMATION_FORMAT = "dwarf-with-dsym";
				ENABLE_STRICT_OBJC_MSGSEND = YES;
				ENABLE_TESTABILITY = YES;
				GCC_C_LANGUAGE_STANDARD = gnu11;
				GCC_DYNAMIC_NO_PIC = NO;
				GCC_NO_COMMON_BLOCKS = YES;
				GCC_OPTIMIZATION_LEVEL = 0;
				GCC_PREPROCESSOR_DEFINITIONS = (
					"DEBUG=1",
					"$(inherited)",
				);
				GCC_WARN_64_TO_32_BIT_CONVERSION = YES;
				GCC_WARN_ABOUT_RETURN_TYPE = YES_ERROR;
				GCC_WARN_UNDECLARED_SELECTOR = YES;
				GCC_WARN_UNINITIALIZED_AUTOS = YES_AGGRESSIVE;
				GCC_WARN_UNUSED_FUNCTION = YES;
				GCC_WARN_UNUSED_VARIABLE = YES;
				MACOSX_DEPLOYMENT_TARGET = 10.13;
				MTL_ENABLE_DEBUG_INFO = YES;
				ONLY_ACTIVE_ARCH = YES;
				SDKROOT = macosx;
			};
			name = Debug;
		};
		EA24EB052035CCB5009968AA /* Release */ = {
			isa = XCBuildConfiguration;
			buildSettings = {
				ALWAYS_SEARCH_USER_PATHS = NO;
				CLANG_ANALYZER_NONNULL = YES;
				CLANG_ANALYZER_NUMBER_OBJECT_CONVERSION = YES_AGGRESSIVE;
				CLANG_CXX_LANGUAGE_STANDARD = "gnu++14";
				CLANG_CXX_LIBRARY = "libc++";
				CLANG_ENABLE_MODULES = YES;
				CLANG_ENABLE_OBJC_ARC = YES;
				CLANG_WARN_BLOCK_CAPTURE_AUTORELEASING = YES;
				CLANG_WARN_BOOL_CONVERSION = YES;
				CLANG_WARN_COMMA = YES;
				CLANG_WARN_CONSTANT_CONVERSION = YES;
				CLANG_WARN_DIRECT_OBJC_ISA_USAGE = YES_ERROR;
				CLANG_WARN_DOCUMENTATION_COMMENTS = YES;
				CLANG_WARN_EMPTY_BODY = YES;
				CLANG_WARN_ENUM_CONVERSION = YES;
				CLANG_WARN_INFINITE_RECURSION = YES;
				CLANG_WARN_INT_CONVERSION = YES;
				CLANG_WARN_NON_LITERAL_NULL_CONVERSION = YES;
				CLANG_WARN_OBJC_LITERAL_CONVERSION = YES;
				CLANG_WARN_OBJC_ROOT_CLASS = YES_ERROR;
				CLANG_WARN_RANGE_LOOP_ANALYSIS = YES;
				CLANG_WARN_STRICT_PROTOTYPES = YES;
				CLANG_WARN_SUSPICIOUS_MOVE = YES;
				CLANG_WARN_UNGUARDED_AVAILABILITY = YES_AGGRESSIVE;
				CLANG_WARN_UNREACHABLE_CODE = YES;
				CLANG_WARN__DUPLICATE_METHOD_MATCH = YES;
				CODE_SIGN_IDENTITY = "-";
				COPY_PHASE_STRIP = NO;
				DEBUG_INFORMATION_FORMAT = "dwarf-with-dsym";
				ENABLE_NS_ASSERTIONS = NO;
				ENABLE_STRICT_OBJC_MSGSEND = YES;
				GCC_C_LANGUAGE_STANDARD = gnu11;
				GCC_NO_COMMON_BLOCKS = YES;
				GCC_WARN_64_TO_32_BIT_CONVERSION = YES;
				GCC_WARN_ABOUT_RETURN_TYPE = YES_ERROR;
				GCC_WARN_UNDECLARED_SELECTOR = YES;
				GCC_WARN_UNINITIALIZED_AUTOS = YES_AGGRESSIVE;
				GCC_WARN_UNUSED_FUNCTION = YES;
				GCC_WARN_UNUSED_VARIABLE = YES;
				MACOSX_DEPLOYMENT_TARGET = 10.13;
				MTL_ENABLE_DEBUG_INFO = NO;
				SDKROOT = macosx;
			};
			name = Release;
		};
		EA24EB072035CCB5009968AA /* Debug */ = {
			isa = XCBuildConfiguration;
			buildSettings = {
				ARCHS = "$(NATIVE_ARCH_ACTUAL)";
				CLANG_USE_OPTIMIZATION_PROFILE = NO;
				CODE_SIGN_IDENTITY = "Mac Developer";
				CODE_SIGN_STYLE = Automatic;
				CURRENT_PROJECT_VERSION = 1.0.4;
				DEVELOPMENT_TEAM = 88L87CZSR7;
				EXECUTABLE_EXTENSION = "";
				GCC_C_LANGUAGE_STANDARD = c11;
				GCC_OPTIMIZATION_LEVEL = 0;
				GCC_WARN_ABOUT_MISSING_NEWLINE = NO;
				GCC_WARN_ABOUT_MISSING_PROTOTYPES = YES;
				INFOPLIST_PREPROCESS = YES;
				PRODUCT_NAME = "$(TARGET_NAME)";
				VALID_ARCHS = x86_64;
			};
			name = Debug;
		};
		EA24EB082035CCB5009968AA /* Release */ = {
			isa = XCBuildConfiguration;
			buildSettings = {
				CLANG_USE_OPTIMIZATION_PROFILE = NO;
				CODE_SIGN_IDENTITY = "Mac Developer";
				CODE_SIGN_STYLE = Automatic;
				CURRENT_PROJECT_VERSION = 1.0.4;
				DEVELOPMENT_TEAM = 88L87CZSR7;
				EXECUTABLE_EXTENSION = "";
				GCC_C_LANGUAGE_STANDARD = c11;
				GCC_OPTIMIZATION_LEVEL = fast;
				GCC_WARN_ABOUT_MISSING_NEWLINE = NO;
				GCC_WARN_ABOUT_MISSING_PROTOTYPES = YES;
				INFOPLIST_PREPROCESS = YES;
				ONLY_ACTIVE_ARCH = YES;
				PRODUCT_NAME = "$(TARGET_NAME)";
				VALID_ARCHS = x86_64;
			};
			name = Release;
		};
/* End XCBuildConfiguration section */

/* Begin XCConfigurationList section */
		EA24EAFA2035CCB5009968AA /* Build configuration list for PBXProject "yogurd" */ = {
			isa = XCConfigurationList;
			buildConfigurations = (
				EA24EB042035CCB5009968AA /* Debug */,
				EA24EB052035CCB5009968AA /* Release */,
			);
			defaultConfigurationIsVisible = 0;
			defaultConfigurationName = Release;
		};
		EA24EB062035CCB5009968AA /* Build configuration list for PBXNativeTarget "yogurd" */ = {
			isa = XCConfigurationList;
			buildConfigurations = (
				EA24EB072035CCB5009968AA /* Debug */,
				EA24EB082035CCB5009968AA /* Release */,
			);
			defaultConfigurationIsVisible = 0;
			defaultConfigurationName = Release;
		};
/* End XCConfigurationList section */
	};
	rootObject = EA24EAF72035CCB5009968AA /* Project object */;
}
